
Microsoft Visual Studio Solution File, Format Version 12.00
# Visual Studio Version 17
VisualStudioVersion = 17.8.34330.188
MinimumVisualStudioVersion = 10.0.40219.1
Project("{9A19103F-16F7-4668-BE54-9A1E7A4F7556}") = "CC_Backend", "CC_Backend\CC_Backend.csproj", "{94F6878C-B2A2-41C0-9A54-53C896E35A4C}"
EndProject
Project("{9A19103F-16F7-4668-BE54-9A1E7A4F7556}") = "CC_Backend.UnitTests", "CC_Backend.UnitTests\CC_Backend.UnitTests.csproj", "{619FD8AE-8C1F-421B-BFEC-C103EF806787}"
EndProject
Global
	GlobalSection(SolutionConfigurationPlatforms) = preSolution
		Debug|Any CPU = Debug|Any CPU
		Release|Any CPU = Release|Any CPU
	EndGlobalSection
	GlobalSection(ProjectConfigurationPlatforms) = postSolution
		{94F6878C-B2A2-41C0-9A54-53C896E35A4C}.Debug|Any CPU.ActiveCfg = Debug|Any CPU
		{94F6878C-B2A2-41C0-9A54-53C896E35A4C}.Debug|Any CPU.Build.0 = Debug|Any CPU
		{94F6878C-B2A2-41C0-9A54-53C896E35A4C}.Release|Any CPU.ActiveCfg = Release|Any CPU
		{94F6878C-B2A2-41C0-9A54-53C896E35A4C}.Release|Any CPU.Build.0 = Release|Any CPU
		{619FD8AE-8C1F-421B-BFEC-C103EF806787}.Debug|Any CPU.ActiveCfg = Debug|Any CPU
		{619FD8AE-8C1F-421B-BFEC-C103EF806787}.Debug|Any CPU.Build.0 = Debug|Any CPU
		{619FD8AE-8C1F-421B-BFEC-C103EF806787}.Release|Any CPU.ActiveCfg = Release|Any CPU
		{619FD8AE-8C1F-421B-BFEC-C103EF806787}.Release|Any CPU.Build.0 = Release|Any CPU
	EndGlobalSection
	GlobalSection(SolutionProperties) = preSolution
		HideSolutionNode = FALSE
	EndGlobalSection
	GlobalSection(ExtensibilityGlobals) = postSolution
		SolutionGuid = {E3FA1A7F-9001-414A-8FB7-6B2AB1D88E06}
	EndGlobalSection
EndGlobal
